// !$*UTF8*$!
{
	archiveVersion = 1;
	classes = {
	};
	objectVersion = 46;
	objects = {

/* Begin PBXBuildFile section */
		165B62741EB1468E00389DCB /* AirPushNotification.m in Sources */ = {isa = PBXBuildFile; fileRef = 165B62731EB1468E00389DCB /* AirPushNotification.m */; };
		165B62751EB1468E00389DCB /* AirPushNotification.h in CopyFiles */ = {isa = PBXBuildFile; fileRef = 165B62721EB1468E00389DCB /* AirPushNotification.h */; };
		6CAF42813F4C031CA9A08F7B /* libPods-AirPushNotification.a in Frameworks */ = {isa = PBXBuildFile; fileRef = 13B533587955FEB6587B30EF /* libPods-AirPushNotification.a */; };
		B3C35D141EE0BD810036F826 /* NotifCenterDelegate.m in Sources */ = {isa = PBXBuildFile; fileRef = B3C35D131EE0BD810036F826 /* NotifCenterDelegate.m */; };
		FA6FA7B020EC0F6A0059BC6B /* MobileCoreServices.framework in Frameworks */ = {isa = PBXBuildFile; fileRef = FA6FA7AF20EC0F6A0059BC6B /* MobileCoreServices.framework */; };
		FAE485A521ADF4C100D8F939 /* UserNotifications.framework in Frameworks */ = {isa = PBXBuildFile; fileRef = FA6FA7AC20EC0F3F0059BC6B /* UserNotifications.framework */; };
/* End PBXBuildFile section */

/* Begin PBXCopyFilesBuildPhase section */
		165B626D1EB1468E00389DCB /* CopyFiles */ = {
			isa = PBXCopyFilesBuildPhase;
			buildActionMask = 2147483647;
			dstPath = "include/$(PRODUCT_NAME)";
			dstSubfolderSpec = 16;
			files = (
				165B62751EB1468E00389DCB /* AirPushNotification.h in CopyFiles */,
			);
			runOnlyForDeploymentPostprocessing = 0;
		};
/* End PBXCopyFilesBuildPhase section */

/* Begin PBXFileReference section */
		06B8B79C5BACF57B805B463B /* Pods-AirPushNotification.release.xcconfig */ = {isa = PBXFileReference; includeInIndex = 1; lastKnownFileType = text.xcconfig; name = "Pods-AirPushNotification.release.xcconfig"; path = "Pods/Target Support Files/Pods-AirPushNotification/Pods-AirPushNotification.release.xcconfig"; sourceTree = "<group>"; };
		13B533587955FEB6587B30EF /* libPods-AirPushNotification.a */ = {isa = PBXFileReference; explicitFileType = archive.ar; includeInIndex = 0; path = "libPods-AirPushNotification.a"; sourceTree = BUILT_PRODUCTS_DIR; };
		165B626F1EB1468E00389DCB /* libAirPushNotification.a */ = {isa = PBXFileReference; explicitFileType = archive.ar; includeInIndex = 0; path = libAirPushNotification.a; sourceTree = BUILT_PRODUCTS_DIR; };
		165B62721EB1468E00389DCB /* AirPushNotification.h */ = {isa = PBXFileReference; lastKnownFileType = sourcecode.c.h; path = AirPushNotification.h; sourceTree = "<group>"; };
		165B62731EB1468E00389DCB /* AirPushNotification.m */ = {isa = PBXFileReference; lastKnownFileType = sourcecode.c.objc; path = AirPushNotification.m; sourceTree = "<group>"; };
		165B627B1EB146D100389DCB /* FlashRuntimeExtensions.h */ = {isa = PBXFileReference; fileEncoding = 4; lastKnownFileType = sourcecode.c.h; path = FlashRuntimeExtensions.h; sourceTree = "<group>"; };
		B3C35D121EE0BD810036F826 /* NotifCenterDelegate.h */ = {isa = PBXFileReference; fileEncoding = 4; lastKnownFileType = sourcecode.c.h; path = NotifCenterDelegate.h; sourceTree = "<group>"; };
		B3C35D131EE0BD810036F826 /* NotifCenterDelegate.m */ = {isa = PBXFileReference; fileEncoding = 4; lastKnownFileType = sourcecode.c.objc; path = NotifCenterDelegate.m; sourceTree = "<group>"; };
		B4A0BB4FFD8A25311C310619 /* Pods-AirPushNotification.debug.xcconfig */ = {isa = PBXFileReference; includeInIndex = 1; lastKnownFileType = text.xcconfig; name = "Pods-AirPushNotification.debug.xcconfig"; path = "Pods/Target Support Files/Pods-AirPushNotification/Pods-AirPushNotification.debug.xcconfig"; sourceTree = "<group>"; };
		FA6FA7A920EC0F1B0059BC6B /* CoreGraphics.framework */ = {isa = PBXFileReference; lastKnownFileType = wrapper.framework; name = CoreGraphics.framework; path = System/Library/Frameworks/CoreGraphics.framework; sourceTree = SDKROOT; };
		FA6FA7AB20EC0F3F0059BC6B /* UserNotificationsUI.framework */ = {isa = PBXFileReference; lastKnownFileType = wrapper.framework; name = UserNotificationsUI.framework; path = System/Library/Frameworks/UserNotificationsUI.framework; sourceTree = SDKROOT; };
		FA6FA7AC20EC0F3F0059BC6B /* UserNotifications.framework */ = {isa = PBXFileReference; lastKnownFileType = wrapper.framework; name = UserNotifications.framework; path = System/Library/Frameworks/UserNotifications.framework; sourceTree = SDKROOT; };
		FA6FA7AF20EC0F6A0059BC6B /* MobileCoreServices.framework */ = {isa = PBXFileReference; lastKnownFileType = wrapper.framework; name = MobileCoreServices.framework; path = System/Library/Frameworks/MobileCoreServices.framework; sourceTree = SDKROOT; };
/* End PBXFileReference section */

/* Begin PBXFrameworksBuildPhase section */
		165B626C1EB1468E00389DCB /* Frameworks */ = {
			isa = PBXFrameworksBuildPhase;
			buildActionMask = 2147483647;
			files = (
				FAE485A521ADF4C100D8F939 /* UserNotifications.framework in Frameworks */,
				FA6FA7B020EC0F6A0059BC6B /* MobileCoreServices.framework in Frameworks */,
				6CAF42813F4C031CA9A08F7B /* libPods-AirPushNotification.a in Frameworks */,
			);
			runOnlyForDeploymentPostprocessing = 0;
		};
/* End PBXFrameworksBuildPhase section */

/* Begin PBXGroup section */
		165B62661EB1468E00389DCB = {
			isa = PBXGroup;
			children = (
				165B62711EB1468E00389DCB /* AirPushNotification */,
				165B62701EB1468E00389DCB /* Products */,
				23866A3BF69A74F8E9A9A538 /* Pods */,
				C8A2A6F413090BD1EB74CFC2 /* Frameworks */,
			);
			sourceTree = "<group>";
		};
		165B62701EB1468E00389DCB /* Products */ = {
			isa = PBXGroup;
			children = (
				165B626F1EB1468E00389DCB /* libAirPushNotification.a */,
			);
			name = Products;
			sourceTree = "<group>";
		};
		165B62711EB1468E00389DCB /* AirPushNotification */ = {
			isa = PBXGroup;
			children = (
				165B627B1EB146D100389DCB /* FlashRuntimeExtensions.h */,
				165B62721EB1468E00389DCB /* AirPushNotification.h */,
				165B62731EB1468E00389DCB /* AirPushNotification.m */,
				B3C35D121EE0BD810036F826 /* NotifCenterDelegate.h */,
				B3C35D131EE0BD810036F826 /* NotifCenterDelegate.m */,
			);
			path = AirPushNotification;
			sourceTree = "<group>";
		};
		23866A3BF69A74F8E9A9A538 /* Pods */ = {
			isa = PBXGroup;
			children = (
				B4A0BB4FFD8A25311C310619 /* Pods-AirPushNotification.debug.xcconfig */,
				06B8B79C5BACF57B805B463B /* Pods-AirPushNotification.release.xcconfig */,
			);
			name = Pods;
			sourceTree = "<group>";
		};
		C8A2A6F413090BD1EB74CFC2 /* Frameworks */ = {
			isa = PBXGroup;
			children = (
				FA6FA7AF20EC0F6A0059BC6B /* MobileCoreServices.framework */,
				FA6FA7AC20EC0F3F0059BC6B /* UserNotifications.framework */,
				FA6FA7AB20EC0F3F0059BC6B /* UserNotificationsUI.framework */,
				FA6FA7A920EC0F1B0059BC6B /* CoreGraphics.framework */,
				13B533587955FEB6587B30EF /* libPods-AirPushNotification.a */,
			);
			name = Frameworks;
			sourceTree = "<group>";
		};
/* End PBXGroup section */

/* Begin PBXNativeTarget section */
		165B626E1EB1468E00389DCB /* AirPushNotification */ = {
			isa = PBXNativeTarget;
			buildConfigurationList = 165B62781EB1468E00389DCB /* Build configuration list for PBXNativeTarget "AirPushNotification" */;
			buildPhases = (
				F6BAC51C1F94994BF4F19946 /* [CP] Check Pods Manifest.lock */,
				165B626B1EB1468E00389DCB /* Sources */,
				165B626C1EB1468E00389DCB /* Frameworks */,
				165B626D1EB1468E00389DCB /* CopyFiles */,
				BD3144224613AEE1BB3F46F2 /* [CP] Copy Pods Resources */,
			);
			buildRules = (
			);
			dependencies = (
			);
			name = AirPushNotification;
			productName = AirPushNotification;
			productReference = 165B626F1EB1468E00389DCB /* libAirPushNotification.a */;
			productType = "com.apple.product-type.library.static";
		};
/* End PBXNativeTarget section */

/* Begin PBXProject section */
		165B62671EB1468E00389DCB /* Project object */ = {
			isa = PBXProject;
			attributes = {
				LastUpgradeCheck = 0830;
				ORGANIZATIONNAME = "Freshplanet, Inc.";
				TargetAttributes = {
					165B626E1EB1468E00389DCB = {
						CreatedOnToolsVersion = 8.3.1;
						ProvisioningStyle = Automatic;
					};
				};
			};
			buildConfigurationList = 165B626A1EB1468E00389DCB /* Build configuration list for PBXProject "AirPushNotification" */;
			compatibilityVersion = "Xcode 3.2";
			developmentRegion = English;
			hasScannedForEncodings = 0;
			knownRegions = (
				en,
			);
			mainGroup = 165B62661EB1468E00389DCB;
			productRefGroup = 165B62701EB1468E00389DCB /* Products */;
			projectDirPath = "";
			projectRoot = "";
			targets = (
				165B626E1EB1468E00389DCB /* AirPushNotification */,
			);
		};
/* End PBXProject section */

/* Begin PBXShellScriptBuildPhase section */
		BD3144224613AEE1BB3F46F2 /* [CP] Copy Pods Resources */ = {
			isa = PBXShellScriptBuildPhase;
			buildActionMask = 2147483647;
			files = (
			);
			inputPaths = (
			);
			name = "[CP] Copy Pods Resources";
			outputPaths = (
			);
			runOnlyForDeploymentPostprocessing = 0;
			shellPath = /bin/sh;
			shellScript = "\"${SRCROOT}/Pods/Target Support Files/Pods-AirPushNotification/Pods-AirPushNotification-resources.sh\"\n";
			showEnvVarsInLog = 0;
		};
		F6BAC51C1F94994BF4F19946 /* [CP] Check Pods Manifest.lock */ = {
			isa = PBXShellScriptBuildPhase;
			buildActionMask = 2147483647;
			files = (
			);
			inputPaths = (
				"${PODS_PODFILE_DIR_PATH}/Podfile.lock",
				"${PODS_ROOT}/Manifest.lock",
			);
			name = "[CP] Check Pods Manifest.lock";
			outputPaths = (
				"$(DERIVED_FILE_DIR)/Pods-AirPushNotification-checkManifestLockResult.txt",
			);
			runOnlyForDeploymentPostprocessing = 0;
			shellPath = /bin/sh;
			shellScript = "diff \"${PODS_PODFILE_DIR_PATH}/Podfile.lock\" \"${PODS_ROOT}/Manifest.lock\" > /dev/null\nif [ $? != 0 ] ; then\n    # print error to STDERR\n    echo \"error: The sandbox is not in sync with the Podfile.lock. Run 'pod install' or update your CocoaPods installation.\" >&2\n    exit 1\nfi\n# This output is used by Xcode 'outputs' to avoid re-running this script phase.\necho \"SUCCESS\" > \"${SCRIPT_OUTPUT_FILE_0}\"\n";
			showEnvVarsInLog = 0;
		};
/* End PBXShellScriptBuildPhase section */

/* Begin PBXSourcesBuildPhase section */
		165B626B1EB1468E00389DCB /* Sources */ = {
			isa = PBXSourcesBuildPhase;
			buildActionMask = 2147483647;
			files = (
				B3C35D141EE0BD810036F826 /* NotifCenterDelegate.m in Sources */,
				165B62741EB1468E00389DCB /* AirPushNotification.m in Sources */,
			);
			runOnlyForDeploymentPostprocessing = 0;
		};
/* End PBXSourcesBuildPhase section */

/* Begin XCBuildConfiguration section */
		165B62761EB1468E00389DCB /* Debug */ = {
			isa = XCBuildConfiguration;
			buildSettings = {
				ALWAYS_SEARCH_USER_PATHS = NO;
				CLANG_ANALYZER_NONNULL = YES;
				CLANG_ANALYZER_NUMBER_OBJECT_CONVERSION = YES_AGGRESSIVE;
				CLANG_CXX_LANGUAGE_STANDARD = "gnu++0x";
				CLANG_CXX_LIBRARY = "libc++";
				CLANG_ENABLE_MODULES = YES;
				CLANG_ENABLE_OBJC_ARC = YES;
				CLANG_WARN_BOOL_CONVERSION = YES;
				CLANG_WARN_CONSTANT_CONVERSION = YES;
				CLANG_WARN_DIRECT_OBJC_ISA_USAGE = YES_ERROR;
				CLANG_WARN_DOCUMENTATION_COMMENTS = YES;
				CLANG_WARN_EMPTY_BODY = YES;
				CLANG_WARN_ENUM_CONVERSION = YES;
				CLANG_WARN_INFINITE_RECURSION = YES;
				CLANG_WARN_INT_CONVERSION = YES;
				CLANG_WARN_OBJC_ROOT_CLASS = YES_ERROR;
				CLANG_WARN_SUSPICIOUS_MOVE = YES;
				CLANG_WARN_UNREACHABLE_CODE = YES;
				CLANG_WARN__DUPLICATE_METHOD_MATCH = YES;
				"CODE_SIGN_IDENTITY[sdk=iphoneos*]" = "iPhone Developer";
				COPY_PHASE_STRIP = NO;
				DEBUG_INFORMATION_FORMAT = dwarf;
				ENABLE_STRICT_OBJC_MSGSEND = YES;
				ENABLE_TESTABILITY = YES;
				GCC_C_LANGUAGE_STANDARD = gnu99;
				GCC_DYNAMIC_NO_PIC = NO;
				GCC_NO_COMMON_BLOCKS = YES;
				GCC_OPTIMIZATION_LEVEL = 0;
				GCC_PREPROCESSOR_DEFINITIONS = (
					"DEBUG=1",
					"$(inherited)",
				);
				GCC_WARN_64_TO_32_BIT_CONVERSION = YES;
				GCC_WARN_ABOUT_RETURN_TYPE = YES_ERROR;
				GCC_WARN_UNDECLARED_SELECTOR = YES;
				GCC_WARN_UNINITIALIZED_AUTOS = YES_AGGRESSIVE;
				GCC_WARN_UNUSED_FUNCTION = YES;
				GCC_WARN_UNUSED_VARIABLE = YES;
				IPHONEOS_DEPLOYMENT_TARGET = 10.0;
				MTL_ENABLE_DEBUG_INFO = YES;
				ONLY_ACTIVE_ARCH = YES;
				SDKROOT = iphoneos;
			};
			name = Debug;
		};
		165B62771EB1468E00389DCB /* Release */ = {
			isa = XCBuildConfiguration;
			buildSettings = {
				ALWAYS_SEARCH_USER_PATHS = NO;
				CLANG_ANALYZER_NONNULL = YES;
				CLANG_ANALYZER_NUMBER_OBJECT_CONVERSION = YES_AGGRESSIVE;
				CLANG_CXX_LANGUAGE_STANDARD = "gnu++0x";
				CLANG_CXX_LIBRARY = "libc++";
				CLANG_ENABLE_MODULES = YES;
				CLANG_ENABLE_OBJC_ARC = YES;
				CLANG_WARN_BOOL_CONVERSION = YES;
				CLANG_WARN_CONSTANT_CONVERSION = YES;
				CLANG_WARN_DIRECT_OBJC_ISA_USAGE = YES_ERROR;
				CLANG_WARN_DOCUMENTATION_COMMENTS = YES;
				CLANG_WARN_EMPTY_BODY = YES;
				CLANG_WARN_ENUM_CONVERSION = YES;
				CLANG_WARN_INFINITE_RECURSION = YES;
				CLANG_WARN_INT_CONVERSION = YES;
				CLANG_WARN_OBJC_ROOT_CLASS = YES_ERROR;
				CLANG_WARN_SUSPICIOUS_MOVE = YES;
				CLANG_WARN_UNREACHABLE_CODE = YES;
				CLANG_WARN__DUPLICATE_METHOD_MATCH = YES;
				"CODE_SIGN_IDENTITY[sdk=iphoneos*]" = "iPhone Developer";
				COPY_PHASE_STRIP = NO;
				DEBUG_INFORMATION_FORMAT = "dwarf-with-dsym";
				ENABLE_NS_ASSERTIONS = NO;
				ENABLE_STRICT_OBJC_MSGSEND = YES;
				GCC_C_LANGUAGE_STANDARD = gnu99;
				GCC_NO_COMMON_BLOCKS = YES;
				GCC_WARN_64_TO_32_BIT_CONVERSION = YES;
				GCC_WARN_ABOUT_RETURN_TYPE = YES_ERROR;
				GCC_WARN_UNDECLARED_SELECTOR = YES;
				GCC_WARN_UNINITIALIZED_AUTOS = YES_AGGRESSIVE;
				GCC_WARN_UNUSED_FUNCTION = YES;
				GCC_WARN_UNUSED_VARIABLE = YES;
				IPHONEOS_DEPLOYMENT_TARGET = 10.0;
				MTL_ENABLE_DEBUG_INFO = NO;
				SDKROOT = iphoneos;
				VALIDATE_PRODUCT = YES;
			};
			name = Release;
		};
		165B62791EB1468E00389DCB /* Debug */ = {
			isa = XCBuildConfiguration;
			baseConfigurationReference = B4A0BB4FFD8A25311C310619 /* Pods-AirPushNotification.debug.xcconfig */;
			buildSettings = {
				IPHONEOS_DEPLOYMENT_TARGET = 10.0;
				OTHER_LDFLAGS = "-ObjC";
				PRODUCT_NAME = "$(TARGET_NAME)";
				SKIP_INSTALL = YES;
			};
			name = Debug;
		};
		165B627A1EB1468E00389DCB /* Release */ = {
			isa = XCBuildConfiguration;
			baseConfigurationReference = 06B8B79C5BACF57B805B463B /* Pods-AirPushNotification.release.xcconfig */;
			buildSettings = {
				IPHONEOS_DEPLOYMENT_TARGET = 10.0;
				OTHER_LDFLAGS = "-ObjC";
				PRODUCT_NAME = "$(TARGET_NAME)";
				SKIP_INSTALL = YES;
			};
			name = Release;
		};
/* End XCBuildConfiguration section */

/* Begin XCConfigurationList section */
		165B626A1EB1468E00389DCB /* Build configuration list for PBXProject "AirPushNotification" */ = {
			isa = XCConfigurationList;
			buildConfigurations = (
				165B62761EB1468E00389DCB /* Debug */,
				165B62771EB1468E00389DCB /* Release */,
			);
			defaultConfigurationIsVisible = 0;
			defaultConfigurationName = Release;
		};
		165B62781EB1468E00389DCB /* Build configuration list for PBXNativeTarget "AirPushNotification" */ = {
			isa = XCConfigurationList;
			buildConfigurations = (
				165B62791EB1468E00389DCB /* Debug */,
				165B627A1EB1468E00389DCB /* Release */,
			);
			defaultConfigurationIsVisible = 0;
			defaultConfigurationName = Release;
		};
/* End XCConfigurationList section */
	};
	rootObject = 165B62671EB1468E00389DCB /* Project object */;
}
